{
  "requires": true,
  "lockfileVersion": 1,
  "dependencies": {
    "@syncfusion/ej2-angular-base": {
      "version": "18.4.46",
      "resolved": "https://registry.npmjs.org/@syncfusion/ej2-angular-base/-/ej2-angular-base-18.4.46.tgz",
      "integrity": "sha512-mmcm6BXUBgLPTGiXgO3YrPzA7CzHbrBPT7f6wZNm9X/wHsHrWyEGWQJFzIPIELD9Okemz35kgYm35dKYTAIv0A==",
      "requires": {
        "@syncfusion/ej2-base": "~18.4.44",
        "@syncfusion/ej2-icons": "~18.4.39",
        "core-js": "^3.4.8",
        "reflect-metadata": "^0.1.9",
        "rxjs": "^6.5.4",
        "rxjs-compat": "^6.5.4",
        "zone.js": "^0.10.2"
      }
    },
    "@syncfusion/ej2-angular-grids": {
      "version": "18.4.47",
      "resolved": "https://registry.npmjs.org/@syncfusion/ej2-angular-grids/-/ej2-angular-grids-18.4.47.tgz",
      "integrity": "sha512-+1wFeLaWz8G/I4/Wobh7vYzDIRIrx+8uSMzKvOgi8LoOMrWr53lZyucGcykXWyoZ3uKiW75bK9kHC8VY2DRc6Q==",
      "requires": {
        "@syncfusion/ej2-angular-base": "~18.4.46",
        "@syncfusion/ej2-base": "~18.4.44",
        "@syncfusion/ej2-grids": "18.4.47",
        "@types/lodash": "4.14.159",
        "@types/node": "11.15.20"
      }
    },
    "@syncfusion/ej2-angular-splitbuttons": {
      "version": "18.4.41",
      "resolved": "https://registry.npmjs.org/@syncfusion/ej2-angular-splitbuttons/-/ej2-angular-splitbuttons-18.4.41.tgz",
      "integrity": "sha512-nslZx5AeqP5mvK7A8+Iua7nfVnEIb9NCmwtt/YUtF4Fj+andeOD13vTxmog0uBVORkyCUI8vlix+CSUf6vZQgg==",
      "requires": {
        "@syncfusion/ej2-angular-base": "~18.4.41",
        "@syncfusion/ej2-base": "~18.4.41",
        "@syncfusion/ej2-splitbuttons": "18.4.41",
        "@types/lodash": "4.14.159",
        "@types/node": "11.15.20"
      }
    },
    "@syncfusion/ej2-base": {
      "version": "18.4.44",
      "resolved": "https://registry.npmjs.org/@syncfusion/ej2-base/-/ej2-base-18.4.44.tgz",
      "integrity": "sha512-irv+We6ZxLAr8SctOB4hLP9otTq2yVT8yPfhB8ytQ2ZXWqDfddcLKfTC7NwFnMmD0mh+vAogHwpWuYbDl9yZew==",
      "requires": {
        "@syncfusion/ej2-icons": "~18.4.39"
      }
    },
    "@syncfusion/ej2-buttons": {
      "version": "18.4.46",
      "resolved": "https://registry.npmjs.org/@syncfusion/ej2-buttons/-/ej2-buttons-18.4.46.tgz",
      "integrity": "sha512-bJAytPOKdHgMDuxXjS1vAOeG+kgd2on/kL5MuAMq/zYx6chz+W7MupLwviv0y16Em3drLV+ljI+PeKaQVI19dA==",
      "requires": {
        "@syncfusion/ej2-base": "~18.4.44"
      }
    },
    "@syncfusion/ej2-calendars": {
      "version": "18.4.43",
      "resolved": "https://registry.npmjs.org/@syncfusion/ej2-calendars/-/ej2-calendars-18.4.43.tgz",
      "integrity": "sha512-DVDYcvfCU+cr+3y0jspl/iOAWXZ0M4ZnH/gj/r1mKUjWaIwIoh/EFkohSlZamf6L2blJnFK9+TbWwrSLhLLtjg==",
      "requires": {
        "@syncfusion/ej2-base": "~18.4.43",
        "@syncfusion/ej2-buttons": "~18.4.41",
        "@syncfusion/ej2-inputs": "~18.4.43",
        "@syncfusion/ej2-lists": "~18.4.39",
        "@syncfusion/ej2-popups": "~18.4.43"
      }
    },
    "@syncfusion/ej2-compression": {
      "version": "18.4.39",
      "resolved": "https://registry.npmjs.org/@syncfusion/ej2-compression/-/ej2-compression-18.4.39.tgz",
      "integrity": "sha512-8yfO8StEHo2vIBWs+8l1eubB9lFR8PurcKJkuuLUp5xGDXswsMaKpU/exVHIycJV/UDIsuuNEItXGC3K1lxsrQ==",
      "requires": {
        "@syncfusion/ej2-file-utils": "~18.4.39"
      }
    },
    "@syncfusion/ej2-data": {
      "version": "18.4.46",
      "resolved": "https://registry.npmjs.org/@syncfusion/ej2-data/-/ej2-data-18.4.46.tgz",
      "integrity": "sha512-kVxkzBeR/Unv43C+nWbra4Onq/TdHkx68PZ0n9+sJ9ArIUw+XsV3/TGQ9IV6RfTuxlK0TXP8fmeWR8CHmmjfhg==",
      "requires": {
        "@syncfusion/ej2-base": "~18.4.44"
      }
    },
    "@syncfusion/ej2-dropdowns": {
      "version": "18.4.47",
      "resolved": "https://registry.npmjs.org/@syncfusion/ej2-dropdowns/-/ej2-dropdowns-18.4.47.tgz",
      "integrity": "sha512-erQHEJVpIUyu9hQtLSRnqZHbAmPqH+2FSo20kwovyzain7q+gcHRBvGDmNcYhAF1R25MEk9oFCzeLUaLbKYnxQ==",
      "requires": {
        "@syncfusion/ej2-base": "~18.4.44",
        "@syncfusion/ej2-data": "~18.4.46",
        "@syncfusion/ej2-inputs": "~18.4.47",
        "@syncfusion/ej2-lists": "~18.4.39",
        "@syncfusion/ej2-navigations": "~18.4.47",
        "@syncfusion/ej2-popups": "~18.4.44"
      }
    },
    "@syncfusion/ej2-excel-export": {
      "version": "18.4.41",
      "resolved": "https://registry.npmjs.org/@syncfusion/ej2-excel-export/-/ej2-excel-export-18.4.41.tgz",
      "integrity": "sha512-mtEB0bhcZB8t3R6KmCDY8RZhjvbtDpEgHZ/xPpYj3Vzp0CTN/tKzUEP1bF+vMJltYo1b3ji1szZh0pp1TAMiUQ==",
      "requires": {
        "@syncfusion/ej2-base": "~18.4.41",
        "@syncfusion/ej2-compression": "~18.4.39"
      }
    },
    "@syncfusion/ej2-file-utils": {
      "version": "18.4.39",
      "resolved": "https://registry.npmjs.org/@syncfusion/ej2-file-utils/-/ej2-file-utils-18.4.39.tgz",
      "integrity": "sha512-Gn0w6+2TSpuAgpFd+h8KSnZ8zj2hJcPOGAfWy+khLZ3JaLS59SHzPW2odY2yjZwlPBmAeHRj/Oo46vwxvKTeCw=="
    },
    "@syncfusion/ej2-grids": {
      "version": "18.4.47",
      "resolved": "https://registry.npmjs.org/@syncfusion/ej2-grids/-/ej2-grids-18.4.47.tgz",
      "integrity": "sha512-3SRPMaKxNikL21ZJkk24/evuqxtQ+T9xUweozL0oOnpr7a2qzRagIowJoFrrs+9jrsIql1lbHF7SrthEwx9Yug==",
      "requires": {
        "@syncfusion/ej2-base": "~18.4.44",
        "@syncfusion/ej2-buttons": "~18.4.46",
        "@syncfusion/ej2-calendars": "~18.4.43",
        "@syncfusion/ej2-compression": "~18.4.39",
        "@syncfusion/ej2-data": "~18.4.46",
        "@syncfusion/ej2-dropdowns": "~18.4.47",
        "@syncfusion/ej2-excel-export": "~18.4.41",
        "@syncfusion/ej2-file-utils": "~18.4.39",
        "@syncfusion/ej2-inputs": "~18.4.47",
        "@syncfusion/ej2-lists": "~18.4.39",
        "@syncfusion/ej2-navigations": "~18.4.47",
        "@syncfusion/ej2-pdf-export": "~18.4.47",
        "@syncfusion/ej2-popups": "~18.4.44",
        "@syncfusion/ej2-splitbuttons": "~18.4.41"
      }
    },
    "@syncfusion/ej2-icons": {
      "version": "18.4.39",
      "resolved": "https://registry.npmjs.org/@syncfusion/ej2-icons/-/ej2-icons-18.4.39.tgz",
      "integrity": "sha512-l/FT5H12SSV2IwWbL39nrh5NwB8BpRdHoVOpG9/H4Ezs3q7zVAPgEMq+fAn5Tp1PBhl3cWYpSct7M2tJMSG49w=="
    },
    "@syncfusion/ej2-inputs": {
      "version": "18.4.47",
      "resolved": "https://registry.npmjs.org/@syncfusion/ej2-inputs/-/ej2-inputs-18.4.47.tgz",
      "integrity": "sha512-ITxKNijcrEr2oO/u6RpFr5v7xHg81gDr2WIKq5oX1BXuCVLocMcjUzsOrvI/YG0xWgN6Jl8sh1+cfm8J3nu9FA==",
      "requires": {
        "@syncfusion/ej2-base": "~18.4.44",
        "@syncfusion/ej2-buttons": "~18.4.46",
        "@syncfusion/ej2-popups": "~18.4.44",
        "@syncfusion/ej2-splitbuttons": "~18.4.41"
      }
    },
    "@syncfusion/ej2-lists": {
      "version": "18.4.39",
      "resolved": "https://registry.npmjs.org/@syncfusion/ej2-lists/-/ej2-lists-18.4.39.tgz",
      "integrity": "sha512-bn6C5YU06FXC1LjSXDqAt3zreC2+0DNHSp2iK0yKyM0GoiHh7KU0gjbWEyvkMlTD6aIeOp84uoETaibVDZwwWQ==",
      "requires": {
        "@syncfusion/ej2-base": "~18.4.39",
        "@syncfusion/ej2-buttons": "~18.4.39",
        "@syncfusion/ej2-data": "~18.4.39"
      }
    },
    "@syncfusion/ej2-navigations": {
      "version": "18.4.47",
      "resolved": "https://registry.npmjs.org/@syncfusion/ej2-navigations/-/ej2-navigations-18.4.47.tgz",
      "integrity": "sha512-W7X2kduo+bhGdmY/e29gd+EZqhZ0WFhJAISWW5PJ8o1eTyD3GWxj8UKjAGJwJ5S6cpUSSpYs7eksmS/nTzj1ig==",
      "requires": {
        "@syncfusion/ej2-base": "~18.4.44",
        "@syncfusion/ej2-buttons": "~18.4.46",
        "@syncfusion/ej2-data": "~18.4.46",
        "@syncfusion/ej2-inputs": "~18.4.47",
        "@syncfusion/ej2-lists": "~18.4.39",
        "@syncfusion/ej2-popups": "~18.4.44"
      }
    },
    "@syncfusion/ej2-pdf-export": {
      "version": "18.4.47",
      "resolved": "https://registry.npmjs.org/@syncfusion/ej2-pdf-export/-/ej2-pdf-export-18.4.47.tgz",
      "integrity": "sha512-gm6DAptM3jGfXkR3RJFvv+E4cDxYsWJ8yOhUd6Y5AQe95Q5Xx0YplzTCGfQZZGwlMVwAYis9NeYZ/5qa9PK6HA==",
      "requires": {
        "@syncfusion/ej2-compression": "~18.4.39"
      }
    },
    "@syncfusion/ej2-popups": {
      "version": "18.4.44",
      "resolved": "https://registry.npmjs.org/@syncfusion/ej2-popups/-/ej2-popups-18.4.44.tgz",
      "integrity": "sha512-p/i1gKIfFPP9DCNfHss5v0ydvvRbrWIKxqBfjZ4xt2V81FQivvB9zuWcr0aEG0ySBZkOdwXze1Mt0+iSOeRE+g==",
      "requires": {
        "@syncfusion/ej2-base": "~18.4.44",
        "@syncfusion/ej2-buttons": "~18.4.44"
      }
    },
    "@syncfusion/ej2-splitbuttons": {
      "version": "18.4.41",
      "resolved": "https://registry.npmjs.org/@syncfusion/ej2-splitbuttons/-/ej2-splitbuttons-18.4.41.tgz",
      "integrity": "sha512-QEAH3ml3x0FwfnkXE5+HGsQMOVWUkuVUqYRas3Ny3L8Loyg2oG4djeg11mxHVQ4ZBNSOOk2uKyswq0Qkyk5f7w==",
      "requires": {
        "@syncfusion/ej2-base": "~18.4.41",
        "@syncfusion/ej2-popups": "~18.4.41"
      }
    },
    "@types/lodash": {
      "version": "4.14.159",
      "resolved": "https://registry.npmjs.org/@types/lodash/-/lodash-4.14.159.tgz",
      "integrity": "sha512-gF7A72f7WQN33DpqOWw9geApQPh4M3PxluMtaHxWHXEGSN12/WbcEk/eNSqWNQcQhF66VSZ06vCF94CrHwXJDg=="
    },
    "@types/node": {
      "version": "11.15.20",
      "resolved": "https://registry.npmjs.org/@types/node/-/node-11.15.20.tgz",
      "integrity": "sha512-DY2QwdrBqNlsxdMehwzUtSsWHgYYPLVCAuXvOcu3wkzYmchbRunQ7OEZFOrmFoBLfA1ysz2Ypr6vtNP9WQkUaQ=="
    },
    "core-js": {
      "version": "3.9.1",
      "resolved": "https://registry.npmjs.org/core-js/-/core-js-3.9.1.tgz",
      "integrity": "sha512-gSjRvzkxQc1zjM/5paAmL4idJBFzuJoo+jDjF1tStYFMV2ERfD02HhahhCGXUyHxQRG4yFKVSdO6g62eoRMcDg=="
    },
    "reflect-metadata": {
      "version": "0.1.13",
      "resolved": "https://registry.npmjs.org/reflect-metadata/-/reflect-metadata-0.1.13.tgz",
      "integrity": "sha512-Ts1Y/anZELhSsjMcU605fU9RE4Oi3p5ORujwbIKXfWa+0Zxs510Qrmrce5/Jowq3cHSZSJqBjypxmHarc+vEWg=="
    },
    "rxjs": {
      "version": "6.6.6",
      "resolved": "https://registry.npmjs.org/rxjs/-/rxjs-6.6.6.tgz",
      "integrity": "sha512-/oTwee4N4iWzAMAL9xdGKjkEHmIwupR3oXbQjCKywF1BeFohswF3vZdogbmEF6pZkOsXTzWkrZszrWpQTByYVg==",
      "requires": {
        "tslib": "^1.9.0"
      }
    },
    "rxjs-compat": {
      "version": "6.6.6",
      "resolved": "https://registry.npmjs.org/rxjs-compat/-/rxjs-compat-6.6.6.tgz",
      "integrity": "sha512-P6JOpjCYUBdXLMktko0a6JHltGaktFJA2W3DWDIjc+I9x9IwRQprOrHQf/fIykY3wAaSbbZIt6GASGMVC1mGfQ=="
    },
    "tslib": {
      "version": "1.14.1",
      "resolved": "https://registry.npmjs.org/tslib/-/tslib-1.14.1.tgz",
      "integrity": "sha512-Xni35NKzjgMrwevysHTCArtLDpPvye8zV/0E4EyYn43P7/7qvQwPh9BGkHewbMulVntbigmcT7rdX3BNo9wRJg=="
    },
    "zone.js": {
      "version": "0.10.3",
      "resolved": "https://registry.npmjs.org/zone.js/-/zone.js-0.10.3.tgz",
      "integrity": "sha512-LXVLVEq0NNOqK/fLJo3d0kfzd4sxwn2/h67/02pjCjfKDxgx1i9QqpvtHD8CrBnSSwMw5+dy11O7FRX5mkO7Cg=="
    }
  }
}
